
Microsoft Visual Studio Solution File, Format Version 12.00
# Visual Studio Version 17
VisualStudioVersion = 17.1.32319.34
MinimumVisualStudioVersion = 10.0.40219.1
Project("{FAE04EC0-301F-11D3-BF4B-00C04F79EFBC}") = "Phase1Section3.10", "Phase1Section3.10\Phase1Section3.10.csproj", "{917BF15A-33EC-4EB8-A695-1C18DF449B28}"
EndProject
Global
	GlobalSection(SolutionConfigurationPlatforms) = preSolution
		Debug|Any CPU = Debug|Any CPU
		Release|Any CPU = Release|Any CPU
	EndGlobalSection
	GlobalSection(ProjectConfigurationPlatforms) = postSolution
		{917BF15A-33EC-4EB8-A695-1C18DF449B28}.Debug|Any CPU.ActiveCfg = Debug|Any CPU
		{917BF15A-33EC-4EB8-A695-1C18DF449B28}.Debug|Any CPU.Build.0 = Debug|Any CPU
		{917BF15A-33EC-4EB8-A695-1C18DF449B28}.Release|Any CPU.ActiveCfg = Release|Any CPU
		{917BF15A-33EC-4EB8-A695-1C18DF449B28}.Release|Any CPU.Build.0 = Release|Any CPU
	EndGlobalSection
	GlobalSection(SolutionProperties) = preSolution
		HideSolutionNode = FALSE
	EndGlobalSection
	GlobalSection(ExtensibilityGlobals) = postSolution
		SolutionGuid = {64C56057-17DA-4C4B-B9DC-AC48DF481F25}
	EndGlobalSection
EndGlobal
