
Microsoft Visual Studio Solution File, Format Version 12.00
# Visual Studio Version 17
VisualStudioVersion = 17.1.32319.34
MinimumVisualStudioVersion = 10.0.40219.1
Project("{9A19103F-16F7-4668-BE54-9A1E7A4F7556}") = "Phase1Section3.4", "Phase1Section3.4.csproj", "{78C9A4DB-BB2E-402B-98E7-4693F27AAFBC}"
EndProject
Global
	GlobalSection(SolutionConfigurationPlatforms) = preSolution
		Debug|Any CPU = Debug|Any CPU
		Release|Any CPU = Release|Any CPU
	EndGlobalSection
	GlobalSection(ProjectConfigurationPlatforms) = postSolution
		{78C9A4DB-BB2E-402B-98E7-4693F27AAFBC}.Debug|Any CPU.ActiveCfg = Debug|Any CPU
		{78C9A4DB-BB2E-402B-98E7-4693F27AAFBC}.Debug|Any CPU.Build.0 = Debug|Any CPU
		{78C9A4DB-BB2E-402B-98E7-4693F27AAFBC}.Release|Any CPU.ActiveCfg = Release|Any CPU
		{78C9A4DB-BB2E-402B-98E7-4693F27AAFBC}.Release|Any CPU.Build.0 = Release|Any CPU
	EndGlobalSection
	GlobalSection(SolutionProperties) = preSolution
		HideSolutionNode = FALSE
	EndGlobalSection
	GlobalSection(ExtensibilityGlobals) = postSolution
		SolutionGuid = {26F2F055-877E-418F-BA8D-F5E70670B92E}
	EndGlobalSection
EndGlobal
