
Microsoft Visual Studio Solution File, Format Version 12.00
# Visual Studio Version 17
VisualStudioVersion = 17.1.32319.34
MinimumVisualStudioVersion = 10.0.40219.1
Project("{FAE04EC0-301F-11D3-BF4B-00C04F79EFBC}") = "Phase1Section3.6", "Phase1Section3.6\Phase1Section3.6.csproj", "{8738170A-695E-493A-95F3-CF0711933AC7}"
EndProject
Global
	GlobalSection(SolutionConfigurationPlatforms) = preSolution
		Debug|Any CPU = Debug|Any CPU
		Release|Any CPU = Release|Any CPU
	EndGlobalSection
	GlobalSection(ProjectConfigurationPlatforms) = postSolution
		{8738170A-695E-493A-95F3-CF0711933AC7}.Debug|Any CPU.ActiveCfg = Debug|Any CPU
		{8738170A-695E-493A-95F3-CF0711933AC7}.Debug|Any CPU.Build.0 = Debug|Any CPU
		{8738170A-695E-493A-95F3-CF0711933AC7}.Release|Any CPU.ActiveCfg = Release|Any CPU
		{8738170A-695E-493A-95F3-CF0711933AC7}.Release|Any CPU.Build.0 = Release|Any CPU
	EndGlobalSection
	GlobalSection(SolutionProperties) = preSolution
		HideSolutionNode = FALSE
	EndGlobalSection
	GlobalSection(ExtensibilityGlobals) = postSolution
		SolutionGuid = {DDD8F40D-7717-4E47-A626-794A064AE645}
	EndGlobalSection
EndGlobal
