
Microsoft Visual Studio Solution File, Format Version 12.00
# Visual Studio Version 17
VisualStudioVersion = 17.1.32319.34
MinimumVisualStudioVersion = 10.0.40219.1
Project("{FAE04EC0-301F-11D3-BF4B-00C04F79EFBC}") = "Phase1Section4.7b", "Phase1Section4.7b\Phase1Section4.7b.csproj", "{581CAE9F-91C1-46C1-A41F-BE2ECE95D4DD}"
EndProject
Global
	GlobalSection(SolutionConfigurationPlatforms) = preSolution
		Debug|Any CPU = Debug|Any CPU
		Release|Any CPU = Release|Any CPU
	EndGlobalSection
	GlobalSection(ProjectConfigurationPlatforms) = postSolution
		{581CAE9F-91C1-46C1-A41F-BE2ECE95D4DD}.Debug|Any CPU.ActiveCfg = Debug|Any CPU
		{581CAE9F-91C1-46C1-A41F-BE2ECE95D4DD}.Debug|Any CPU.Build.0 = Debug|Any CPU
		{581CAE9F-91C1-46C1-A41F-BE2ECE95D4DD}.Release|Any CPU.ActiveCfg = Release|Any CPU
		{581CAE9F-91C1-46C1-A41F-BE2ECE95D4DD}.Release|Any CPU.Build.0 = Release|Any CPU
	EndGlobalSection
	GlobalSection(SolutionProperties) = preSolution
		HideSolutionNode = FALSE
	EndGlobalSection
	GlobalSection(ExtensibilityGlobals) = postSolution
		SolutionGuid = {D51197BA-6C84-4DC1-BFDD-7FA93F665421}
	EndGlobalSection
EndGlobal
